// !$*UTF8*$!
{
	archiveVersion = 1;
	classes = {
	};
	objectVersion = 56;
	objects = {

/* Begin PBXBuildFile section */
		02236A3D2A0390FB00AEEDCA /* MainViewController.swift in Sources */ = {isa = PBXBuildFile; fileRef = 02236A3C2A0390FB00AEEDCA /* MainViewController.swift */; };
		02236A412A03953500AEEDCA /* NavigationView.swift in Sources */ = {isa = PBXBuildFile; fileRef = 02236A402A03953500AEEDCA /* NavigationView.swift */; };
		0226A7852A0D0AE300206F99 /* BackgroundView.swift in Sources */ = {isa = PBXBuildFile; fileRef = 0226A7842A0D0AE300206F99 /* BackgroundView.swift */; };
		023CB9EA2A0BC2DF003405C9 /* CustomPopupViewController.swift in Sources */ = {isa = PBXBuildFile; fileRef = 023CB9E92A0BC2DF003405C9 /* CustomPopupViewController.swift */; };
		026CF39B2A0F6C4A00A98E54 /* MainViewModel.swift in Sources */ = {isa = PBXBuildFile; fileRef = 026CF39A2A0F6C4A00A98E54 /* MainViewModel.swift */; };
		026CF3CD2A1029B200A98E54 /* WidgetKit.framework in Frameworks */ = {isa = PBXBuildFile; fileRef = 02030DA62A0139F600B3583A /* WidgetKit.framework */; };
		026CF3CE2A1029B200A98E54 /* SwiftUI.framework in Frameworks */ = {isa = PBXBuildFile; fileRef = 02030DA82A0139F600B3583A /* SwiftUI.framework */; };
		026CF3D12A1029B200A98E54 /* OnJeWaWidgetBundle.swift in Sources */ = {isa = PBXBuildFile; fileRef = 026CF3D02A1029B200A98E54 /* OnJeWaWidgetBundle.swift */; };
		026CF3D32A1029B200A98E54 /* OnJeWaWidget.swift in Sources */ = {isa = PBXBuildFile; fileRef = 026CF3D22A1029B200A98E54 /* OnJeWaWidget.swift */; };
		026CF3D52A1029B300A98E54 /* Assets.xcassets in Resources */ = {isa = PBXBuildFile; fileRef = 026CF3D42A1029B300A98E54 /* Assets.xcassets */; };
		026CF3D92A1029B300A98E54 /* OnJeWaWidgetExtension.appex in Embed Foundation Extensions */ = {isa = PBXBuildFile; fileRef = 026CF3CC2A1029B200A98E54 /* OnJeWaWidgetExtension.appex */; settings = {ATTRIBUTES = (RemoveHeadersOnCopy, ); }; };
		026CF3E12A10AEDE00A98E54 /* UserDefaults+Extension.swift in Sources */ = {isa = PBXBuildFile; fileRef = 026CF3DF2A10ABDA00A98E54 /* UserDefaults+Extension.swift */; };
		026CF3E32A10D14C00A98E54 /* UserDefaults+Extension.swift in Sources */ = {isa = PBXBuildFile; fileRef = 026CF3E22A10D14C00A98E54 /* UserDefaults+Extension.swift */; };
		02E034E22A0A50C800692061 /* TapButtonViewController.swift in Sources */ = {isa = PBXBuildFile; fileRef = 02E034E12A0A50C800692061 /* TapButtonViewController.swift */; };
		463D697C2A0B85FB0005003C /* LocalNotificationBuilder.swift in Sources */ = {isa = PBXBuildFile; fileRef = 463D697B2A0B85FB0005003C /* LocalNotificationBuilder.swift */; };
		463D69AC2A0CFDB30005003C /* SettingViewController.swift in Sources */ = {isa = PBXBuildFile; fileRef = 463D69AB2A0CFDB30005003C /* SettingViewController.swift */; };
		463D69B42A0E82010005003C /* SettingViewProfileCell.swift in Sources */ = {isa = PBXBuildFile; fileRef = 463D69B32A0E82010005003C /* SettingViewProfileCell.swift */; };
		463D69B62A0E8AEB0005003C /* SettingViewCell.swift in Sources */ = {isa = PBXBuildFile; fileRef = 463D69B52A0E8AEB0005003C /* SettingViewCell.swift */; };
		463D69B82A0E95180005003C /* SettingViewGeneralCell.swift in Sources */ = {isa = PBXBuildFile; fileRef = 463D69B72A0E95180005003C /* SettingViewGeneralCell.swift */; };
		463D69BB2A0F92020005003C /* SettingViewModel.swift in Sources */ = {isa = PBXBuildFile; fileRef = 463D69BA2A0F92020005003C /* SettingViewModel.swift */; };
		4660FCDC2A10AE0000D437E0 /* NotificationModel.swift in Sources */ = {isa = PBXBuildFile; fileRef = 4660FCDB2A10AE0000D437E0 /* NotificationModel.swift */; };
		6506313D2A448D5700094DBF /* UserRepository.swift in Sources */ = {isa = PBXBuildFile; fileRef = 6506313C2A448D5700094DBF /* UserRepository.swift */; };
		6506313F2A448D5F00094DBF /* PetRepository.swift in Sources */ = {isa = PBXBuildFile; fileRef = 6506313E2A448D5F00094DBF /* PetRepository.swift */; };
		650631412A448D6B00094DBF /* DefaultUserUseCase.swift in Sources */ = {isa = PBXBuildFile; fileRef = 650631402A448D6B00094DBF /* DefaultUserUseCase.swift */; };
		650631432A448D8B00094DBF /* DefaultPetUseCase.swift in Sources */ = {isa = PBXBuildFile; fileRef = 650631422A448D8B00094DBF /* DefaultPetUseCase.swift */; };
		650631452A448D9500094DBF /* DefaultUserRepository.swift in Sources */ = {isa = PBXBuildFile; fileRef = 650631442A448D9500094DBF /* DefaultUserRepository.swift */; };
		650631472A448D9B00094DBF /* DefaultPetRepository.swift in Sources */ = {isa = PBXBuildFile; fileRef = 650631462A448D9B00094DBF /* DefaultPetRepository.swift */; };
		6506314C2A4559AC00094DBF /* Menu.swift in Sources */ = {isa = PBXBuildFile; fileRef = 6506314B2A4559AC00094DBF /* Menu.swift */; };
		651C76132A04A29600EDC6BC /* ChoosePetTypeViewController.swift in Sources */ = {isa = PBXBuildFile; fileRef = 651C76122A04A29600EDC6BC /* ChoosePetTypeViewController.swift */; };
		651C76152A04A2A400EDC6BC /* ChoosePetTypeViewModel.swift in Sources */ = {isa = PBXBuildFile; fileRef = 651C76142A04A2A400EDC6BC /* ChoosePetTypeViewModel.swift */; };
		651C76172A04A2DF00EDC6BC /* ChoosePetTypeView.swift in Sources */ = {isa = PBXBuildFile; fileRef = 651C76162A04A2DF00EDC6BC /* ChoosePetTypeView.swift */; };
		651C76192A04A2F600EDC6BC /* SetProfileView.swift in Sources */ = {isa = PBXBuildFile; fileRef = 651C76182A04A2F600EDC6BC /* SetProfileView.swift */; };
		651C761C2A04EDB300EDC6BC /* PetType.swift in Sources */ = {isa = PBXBuildFile; fileRef = 651C761B2A04EDB300EDC6BC /* PetType.swift */; };
		651C76202A04F5FA00EDC6BC /* SetProfileViewController.swift in Sources */ = {isa = PBXBuildFile; fileRef = 651C761F2A04F5FA00EDC6BC /* SetProfileViewController.swift */; };
		651C762D2A062FD900EDC6BC /* SetProfileViewModel.swift in Sources */ = {isa = PBXBuildFile; fileRef = 651C762C2A062FD900EDC6BC /* SetProfileViewModel.swift */; };
		651C762F2A08C2B300EDC6BC /* SetBackgroundViewController.swift in Sources */ = {isa = PBXBuildFile; fileRef = 651C762E2A08C2B300EDC6BC /* SetBackgroundViewController.swift */; };
		651C76312A08C2C100EDC6BC /* SetBackgroundViewModel.swift in Sources */ = {isa = PBXBuildFile; fileRef = 651C76302A08C2C100EDC6BC /* SetBackgroundViewModel.swift */; };
		651C76332A08C2CE00EDC6BC /* SetBackgroundView.swift in Sources */ = {isa = PBXBuildFile; fileRef = 651C76322A08C2CE00EDC6BC /* SetBackgroundView.swift */; };
		651C76352A08CF6200EDC6BC /* RegisterAddressViewController.swift in Sources */ = {isa = PBXBuildFile; fileRef = 651C76342A08CF6200EDC6BC /* RegisterAddressViewController.swift */; };
		651C76372A08CF7400EDC6BC /* RegisterAddressViewModel.swift in Sources */ = {isa = PBXBuildFile; fileRef = 651C76362A08CF7400EDC6BC /* RegisterAddressViewModel.swift */; };
		651C76392A08CF8000EDC6BC /* RegisterAddressView.swift in Sources */ = {isa = PBXBuildFile; fileRef = 651C76382A08CF8000EDC6BC /* RegisterAddressView.swift */; };
		651C763B2A08D5AC00EDC6BC /* KakaoAddressViewController.swift in Sources */ = {isa = PBXBuildFile; fileRef = 651C763A2A08D5AC00EDC6BC /* KakaoAddressViewController.swift */; };
		651C767F2A0A0FBE00EDC6BC /* OnboardingViewController.swift in Sources */ = {isa = PBXBuildFile; fileRef = 651C767E2A0A0FBE00EDC6BC /* OnboardingViewController.swift */; };
		651C76812A0A0FC800EDC6BC /* OnboardingViewModel.swift in Sources */ = {isa = PBXBuildFile; fileRef = 651C76802A0A0FC800EDC6BC /* OnboardingViewModel.swift */; };
		651C76842A0A108000EDC6BC /* Kingfisher in Frameworks */ = {isa = PBXBuildFile; productRef = 651C76832A0A108000EDC6BC /* Kingfisher */; };
		651C76872A0A10AD00EDC6BC /* Realm in Frameworks */ = {isa = PBXBuildFile; productRef = 651C76862A0A10AD00EDC6BC /* Realm */; };
		651C76892A0A10AD00EDC6BC /* RealmSwift in Frameworks */ = {isa = PBXBuildFile; productRef = 651C76882A0A10AD00EDC6BC /* RealmSwift */; };
		651C76AA2A0B666200EDC6BC /* UserDefaultsWrapper.swift in Sources */ = {isa = PBXBuildFile; fileRef = 651C76A92A0B666200EDC6BC /* UserDefaultsWrapper.swift */; };
		651C76AC2A0B667200EDC6BC /* UserDefaultsSetting.swift in Sources */ = {isa = PBXBuildFile; fileRef = 651C76AB2A0B667200EDC6BC /* UserDefaultsSetting.swift */; };
		6547BF9F2A037D6F00593D17 /* (null) in Sources */ = {isa = PBXBuildFile; };
		6547BFA12A037D7D00593D17 /* (null) in Sources */ = {isa = PBXBuildFile; };
		65510BC129F7D89D002E15CD /* AppDelegate.swift in Sources */ = {isa = PBXBuildFile; fileRef = 65510BC029F7D89D002E15CD /* AppDelegate.swift */; };
		65510BC329F7D89D002E15CD /* SceneDelegate.swift in Sources */ = {isa = PBXBuildFile; fileRef = 65510BC229F7D89D002E15CD /* SceneDelegate.swift */; };
		65510BCA29F7D89E002E15CD /* Assets.xcassets in Resources */ = {isa = PBXBuildFile; fileRef = 65510BC929F7D89E002E15CD /* Assets.xcassets */; };
		65510BCD29F7D89E002E15CD /* LaunchScreen.storyboard in Resources */ = {isa = PBXBuildFile; fileRef = 65510BCB29F7D89E002E15CD /* LaunchScreen.storyboard */; };
		65510BD829F7D89E002E15CD /* OnJeWaTests.swift in Sources */ = {isa = PBXBuildFile; fileRef = 65510BD729F7D89E002E15CD /* OnJeWaTests.swift */; };
		65510BE229F7D89E002E15CD /* OnJeWaUITests.swift in Sources */ = {isa = PBXBuildFile; fileRef = 65510BE129F7D89E002E15CD /* OnJeWaUITests.swift */; };
		65510BE429F7D89E002E15CD /* OnJeWaUITestsLaunchTests.swift in Sources */ = {isa = PBXBuildFile; fileRef = 65510BE329F7D89E002E15CD /* OnJeWaUITestsLaunchTests.swift */; };
		65510BF229F7E3D6002E15CD /* RxCocoa in Frameworks */ = {isa = PBXBuildFile; productRef = 65510BF129F7E3D6002E15CD /* RxCocoa */; };
		65510BF429F7E3D6002E15CD /* RxRelay in Frameworks */ = {isa = PBXBuildFile; productRef = 65510BF329F7E3D6002E15CD /* RxRelay */; };
		65510BF629F7E3D6002E15CD /* RxSwift in Frameworks */ = {isa = PBXBuildFile; productRef = 65510BF529F7E3D6002E15CD /* RxSwift */; };
		65510C0029F7FABD002E15CD /* OnJeWaCore in Frameworks */ = {isa = PBXBuildFile; productRef = 65510BFF29F7FABD002E15CD /* OnJeWaCore */; };
		65510C0229F7FABD002E15CD /* OnJeWaNetwork in Frameworks */ = {isa = PBXBuildFile; productRef = 65510C0129F7FABD002E15CD /* OnJeWaNetwork */; };
		65510C0429F7FABD002E15CD /* OnJeWaUI in Frameworks */ = {isa = PBXBuildFile; productRef = 65510C0329F7FABD002E15CD /* OnJeWaUI */; };
		655E855D2A037FA400BD992F /* FirstOnboardingView.swift in Sources */ = {isa = PBXBuildFile; fileRef = 655E855C2A037FA400BD992F /* FirstOnboardingView.swift */; };
		655E855F2A037FAE00BD992F /* SecondOnboardingView.swift in Sources */ = {isa = PBXBuildFile; fileRef = 655E855E2A037FAE00BD992F /* SecondOnboardingView.swift */; };
		655E85612A037FB800BD992F /* ThirdOnboardingView.swift in Sources */ = {isa = PBXBuildFile; fileRef = 655E85602A037FB800BD992F /* ThirdOnboardingView.swift */; };
		655E85632A037FE200BD992F /* FourOnboardingView.swift in Sources */ = {isa = PBXBuildFile; fileRef = 655E85622A037FE200BD992F /* FourOnboardingView.swift */; };
		656A70BF2A0CD26F00BEDCAE /* MainModel.swift in Sources */ = {isa = PBXBuildFile; fileRef = 656A70BE2A0CD26F00BEDCAE /* MainModel.swift */; };
/* End PBXBuildFile section */

/* Begin PBXContainerItemProxy section */
		026CF3D72A1029B300A98E54 /* PBXContainerItemProxy */ = {
			isa = PBXContainerItemProxy;
			containerPortal = 65510BB529F7D89D002E15CD /* Project object */;
			proxyType = 1;
			remoteGlobalIDString = 026CF3CB2A1029B200A98E54;
			remoteInfo = OnJeWaWidgetExtension;
		};
		65510BD429F7D89E002E15CD /* PBXContainerItemProxy */ = {
			isa = PBXContainerItemProxy;
			containerPortal = 65510BB529F7D89D002E15CD /* Project object */;
			proxyType = 1;
			remoteGlobalIDString = 65510BBC29F7D89D002E15CD;
			remoteInfo = OnJeWa;
		};
		65510BDE29F7D89E002E15CD /* PBXContainerItemProxy */ = {
			isa = PBXContainerItemProxy;
			containerPortal = 65510BB529F7D89D002E15CD /* Project object */;
			proxyType = 1;
			remoteGlobalIDString = 65510BBC29F7D89D002E15CD;
			remoteInfo = OnJeWa;
		};
/* End PBXContainerItemProxy section */

/* Begin PBXCopyFilesBuildPhase section */
		02030DB52A0139F700B3583A /* Embed Foundation Extensions */ = {
			isa = PBXCopyFilesBuildPhase;
			buildActionMask = 2147483647;
			dstPath = "";
			dstSubfolderSpec = 13;
			files = (
				026CF3D92A1029B300A98E54 /* OnJeWaWidgetExtension.appex in Embed Foundation Extensions */,
			);
			name = "Embed Foundation Extensions";
			runOnlyForDeploymentPostprocessing = 0;
		};
/* End PBXCopyFilesBuildPhase section */

/* Begin PBXFileReference section */
		02030DA62A0139F600B3583A /* WidgetKit.framework */ = {isa = PBXFileReference; lastKnownFileType = wrapper.framework; name = WidgetKit.framework; path = System/Library/Frameworks/WidgetKit.framework; sourceTree = SDKROOT; };
		02030DA82A0139F600B3583A /* SwiftUI.framework */ = {isa = PBXFileReference; lastKnownFileType = wrapper.framework; name = SwiftUI.framework; path = System/Library/Frameworks/SwiftUI.framework; sourceTree = SDKROOT; };
		02030DBA2A02C24D00B3583A /* OnJeWa.entitlements */ = {isa = PBXFileReference; lastKnownFileType = text.plist.entitlements; path = OnJeWa.entitlements; sourceTree = "<group>"; };
		02030DBB2A02CFC400B3583A /* OnjewaWidgetExtension.entitlements */ = {isa = PBXFileReference; lastKnownFileType = text.plist.entitlements; path = OnjewaWidgetExtension.entitlements; sourceTree = "<group>"; };
		02236A3C2A0390FB00AEEDCA /* MainViewController.swift */ = {isa = PBXFileReference; lastKnownFileType = sourcecode.swift; path = MainViewController.swift; sourceTree = "<group>"; };
		02236A402A03953500AEEDCA /* NavigationView.swift */ = {isa = PBXFileReference; lastKnownFileType = sourcecode.swift; path = NavigationView.swift; sourceTree = "<group>"; };
		0226A7842A0D0AE300206F99 /* BackgroundView.swift */ = {isa = PBXFileReference; lastKnownFileType = sourcecode.swift; path = BackgroundView.swift; sourceTree = "<group>"; };
		023CB9E92A0BC2DF003405C9 /* CustomPopupViewController.swift */ = {isa = PBXFileReference; lastKnownFileType = sourcecode.swift; path = CustomPopupViewController.swift; sourceTree = "<group>"; };
		026CF39A2A0F6C4A00A98E54 /* MainViewModel.swift */ = {isa = PBXFileReference; lastKnownFileType = sourcecode.swift; path = MainViewModel.swift; sourceTree = "<group>"; };
		026CF3CC2A1029B200A98E54 /* OnJeWaWidgetExtension.appex */ = {isa = PBXFileReference; explicitFileType = "wrapper.app-extension"; includeInIndex = 0; path = OnJeWaWidgetExtension.appex; sourceTree = BUILT_PRODUCTS_DIR; };
		026CF3D02A1029B200A98E54 /* OnJeWaWidgetBundle.swift */ = {isa = PBXFileReference; lastKnownFileType = sourcecode.swift; path = OnJeWaWidgetBundle.swift; sourceTree = "<group>"; };
		026CF3D22A1029B200A98E54 /* OnJeWaWidget.swift */ = {isa = PBXFileReference; lastKnownFileType = sourcecode.swift; path = OnJeWaWidget.swift; sourceTree = "<group>"; };
		026CF3D42A1029B300A98E54 /* Assets.xcassets */ = {isa = PBXFileReference; lastKnownFileType = folder.assetcatalog; path = Assets.xcassets; sourceTree = "<group>"; };
		026CF3D62A1029B300A98E54 /* Info.plist */ = {isa = PBXFileReference; lastKnownFileType = text.plist.xml; path = Info.plist; sourceTree = "<group>"; };
		026CF3DF2A10ABDA00A98E54 /* UserDefaults+Extension.swift */ = {isa = PBXFileReference; lastKnownFileType = sourcecode.swift; path = "UserDefaults+Extension.swift"; sourceTree = "<group>"; };
		026CF3E22A10D14C00A98E54 /* UserDefaults+Extension.swift */ = {isa = PBXFileReference; lastKnownFileType = sourcecode.swift; path = "UserDefaults+Extension.swift"; sourceTree = "<group>"; };
		02E034E12A0A50C800692061 /* TapButtonViewController.swift */ = {isa = PBXFileReference; lastKnownFileType = sourcecode.swift; path = TapButtonViewController.swift; sourceTree = "<group>"; };
		463D697B2A0B85FB0005003C /* LocalNotificationBuilder.swift */ = {isa = PBXFileReference; lastKnownFileType = sourcecode.swift; path = LocalNotificationBuilder.swift; sourceTree = "<group>"; };
		463D69AB2A0CFDB30005003C /* SettingViewController.swift */ = {isa = PBXFileReference; lastKnownFileType = sourcecode.swift; path = SettingViewController.swift; sourceTree = "<group>"; };
		463D69B32A0E82010005003C /* SettingViewProfileCell.swift */ = {isa = PBXFileReference; lastKnownFileType = sourcecode.swift; path = SettingViewProfileCell.swift; sourceTree = "<group>"; };
		463D69B52A0E8AEB0005003C /* SettingViewCell.swift */ = {isa = PBXFileReference; lastKnownFileType = sourcecode.swift; path = SettingViewCell.swift; sourceTree = "<group>"; };
		463D69B72A0E95180005003C /* SettingViewGeneralCell.swift */ = {isa = PBXFileReference; lastKnownFileType = sourcecode.swift; path = SettingViewGeneralCell.swift; sourceTree = "<group>"; };
		463D69BA2A0F92020005003C /* SettingViewModel.swift */ = {isa = PBXFileReference; lastKnownFileType = sourcecode.swift; path = SettingViewModel.swift; sourceTree = "<group>"; };
		4660FCDB2A10AE0000D437E0 /* NotificationModel.swift */ = {isa = PBXFileReference; lastKnownFileType = sourcecode.swift; path = NotificationModel.swift; sourceTree = "<group>"; };
		6506313C2A448D5700094DBF /* UserRepository.swift */ = {isa = PBXFileReference; lastKnownFileType = sourcecode.swift; path = UserRepository.swift; sourceTree = "<group>"; };
		6506313E2A448D5F00094DBF /* PetRepository.swift */ = {isa = PBXFileReference; lastKnownFileType = sourcecode.swift; path = PetRepository.swift; sourceTree = "<group>"; };
		650631402A448D6B00094DBF /* DefaultUserUseCase.swift */ = {isa = PBXFileReference; lastKnownFileType = sourcecode.swift; path = DefaultUserUseCase.swift; sourceTree = "<group>"; };
		650631422A448D8B00094DBF /* DefaultPetUseCase.swift */ = {isa = PBXFileReference; lastKnownFileType = sourcecode.swift; path = DefaultPetUseCase.swift; sourceTree = "<group>"; };
		650631442A448D9500094DBF /* DefaultUserRepository.swift */ = {isa = PBXFileReference; lastKnownFileType = sourcecode.swift; path = DefaultUserRepository.swift; sourceTree = "<group>"; };
		650631462A448D9B00094DBF /* DefaultPetRepository.swift */ = {isa = PBXFileReference; lastKnownFileType = sourcecode.swift; path = DefaultPetRepository.swift; sourceTree = "<group>"; };
		6506314B2A4559AC00094DBF /* Menu.swift */ = {isa = PBXFileReference; lastKnownFileType = sourcecode.swift; path = Menu.swift; sourceTree = "<group>"; };
		651C76122A04A29600EDC6BC /* ChoosePetTypeViewController.swift */ = {isa = PBXFileReference; lastKnownFileType = sourcecode.swift; path = ChoosePetTypeViewController.swift; sourceTree = "<group>"; };
		651C76142A04A2A400EDC6BC /* ChoosePetTypeViewModel.swift */ = {isa = PBXFileReference; lastKnownFileType = sourcecode.swift; path = ChoosePetTypeViewModel.swift; sourceTree = "<group>"; };
		651C76162A04A2DF00EDC6BC /* ChoosePetTypeView.swift */ = {isa = PBXFileReference; lastKnownFileType = sourcecode.swift; path = ChoosePetTypeView.swift; sourceTree = "<group>"; };
		651C76182A04A2F600EDC6BC /* SetProfileView.swift */ = {isa = PBXFileReference; lastKnownFileType = sourcecode.swift; path = SetProfileView.swift; sourceTree = "<group>"; };
		651C761B2A04EDB300EDC6BC /* PetType.swift */ = {isa = PBXFileReference; lastKnownFileType = sourcecode.swift; path = PetType.swift; sourceTree = "<group>"; };
		651C761F2A04F5FA00EDC6BC /* SetProfileViewController.swift */ = {isa = PBXFileReference; lastKnownFileType = sourcecode.swift; path = SetProfileViewController.swift; sourceTree = "<group>"; };
		651C762C2A062FD900EDC6BC /* SetProfileViewModel.swift */ = {isa = PBXFileReference; lastKnownFileType = sourcecode.swift; path = SetProfileViewModel.swift; sourceTree = "<group>"; };
		651C762E2A08C2B300EDC6BC /* SetBackgroundViewController.swift */ = {isa = PBXFileReference; lastKnownFileType = sourcecode.swift; path = SetBackgroundViewController.swift; sourceTree = "<group>"; };
		651C76302A08C2C100EDC6BC /* SetBackgroundViewModel.swift */ = {isa = PBXFileReference; lastKnownFileType = sourcecode.swift; path = SetBackgroundViewModel.swift; sourceTree = "<group>"; };
		651C76322A08C2CE00EDC6BC /* SetBackgroundView.swift */ = {isa = PBXFileReference; lastKnownFileType = sourcecode.swift; path = SetBackgroundView.swift; sourceTree = "<group>"; };
		651C76342A08CF6200EDC6BC /* RegisterAddressViewController.swift */ = {isa = PBXFileReference; lastKnownFileType = sourcecode.swift; path = RegisterAddressViewController.swift; sourceTree = "<group>"; };
		651C76362A08CF7400EDC6BC /* RegisterAddressViewModel.swift */ = {isa = PBXFileReference; lastKnownFileType = sourcecode.swift; path = RegisterAddressViewModel.swift; sourceTree = "<group>"; };
		651C76382A08CF8000EDC6BC /* RegisterAddressView.swift */ = {isa = PBXFileReference; lastKnownFileType = sourcecode.swift; path = RegisterAddressView.swift; sourceTree = "<group>"; };
		651C763A2A08D5AC00EDC6BC /* KakaoAddressViewController.swift */ = {isa = PBXFileReference; lastKnownFileType = sourcecode.swift; path = KakaoAddressViewController.swift; sourceTree = "<group>"; };
		651C767E2A0A0FBE00EDC6BC /* OnboardingViewController.swift */ = {isa = PBXFileReference; fileEncoding = 4; lastKnownFileType = sourcecode.swift; path = OnboardingViewController.swift; sourceTree = "<group>"; };
		651C76802A0A0FC800EDC6BC /* OnboardingViewModel.swift */ = {isa = PBXFileReference; fileEncoding = 4; lastKnownFileType = sourcecode.swift; path = OnboardingViewModel.swift; sourceTree = "<group>"; };
		651C76A92A0B666200EDC6BC /* UserDefaultsWrapper.swift */ = {isa = PBXFileReference; lastKnownFileType = sourcecode.swift; path = UserDefaultsWrapper.swift; sourceTree = "<group>"; };
		651C76AB2A0B667200EDC6BC /* UserDefaultsSetting.swift */ = {isa = PBXFileReference; lastKnownFileType = sourcecode.swift; path = UserDefaultsSetting.swift; sourceTree = "<group>"; };
		65510BBD29F7D89D002E15CD /* OnJeWa.app */ = {isa = PBXFileReference; explicitFileType = wrapper.application; includeInIndex = 0; path = OnJeWa.app; sourceTree = BUILT_PRODUCTS_DIR; };
		65510BC029F7D89D002E15CD /* AppDelegate.swift */ = {isa = PBXFileReference; lastKnownFileType = sourcecode.swift; path = AppDelegate.swift; sourceTree = "<group>"; };
		65510BC229F7D89D002E15CD /* SceneDelegate.swift */ = {isa = PBXFileReference; lastKnownFileType = sourcecode.swift; path = SceneDelegate.swift; sourceTree = "<group>"; };
		65510BC929F7D89E002E15CD /* Assets.xcassets */ = {isa = PBXFileReference; lastKnownFileType = folder.assetcatalog; path = Assets.xcassets; sourceTree = "<group>"; };
		65510BCC29F7D89E002E15CD /* Base */ = {isa = PBXFileReference; lastKnownFileType = file.storyboard; name = Base; path = Base.lproj/LaunchScreen.storyboard; sourceTree = "<group>"; };
		65510BCE29F7D89E002E15CD /* Info.plist */ = {isa = PBXFileReference; lastKnownFileType = text.plist.xml; path = Info.plist; sourceTree = "<group>"; };
		65510BD329F7D89E002E15CD /* OnJeWaTests.xctest */ = {isa = PBXFileReference; explicitFileType = wrapper.cfbundle; includeInIndex = 0; path = OnJeWaTests.xctest; sourceTree = BUILT_PRODUCTS_DIR; };
		65510BD729F7D89E002E15CD /* OnJeWaTests.swift */ = {isa = PBXFileReference; lastKnownFileType = sourcecode.swift; path = OnJeWaTests.swift; sourceTree = "<group>"; };
		65510BDD29F7D89E002E15CD /* OnJeWaUITests.xctest */ = {isa = PBXFileReference; explicitFileType = wrapper.cfbundle; includeInIndex = 0; path = OnJeWaUITests.xctest; sourceTree = BUILT_PRODUCTS_DIR; };
		65510BE129F7D89E002E15CD /* OnJeWaUITests.swift */ = {isa = PBXFileReference; lastKnownFileType = sourcecode.swift; path = OnJeWaUITests.swift; sourceTree = "<group>"; };
		65510BE329F7D89E002E15CD /* OnJeWaUITestsLaunchTests.swift */ = {isa = PBXFileReference; lastKnownFileType = sourcecode.swift; path = OnJeWaUITestsLaunchTests.swift; sourceTree = "<group>"; };
		65510BFB29F7F399002E15CD /* OnJeWaUI */ = {isa = PBXFileReference; lastKnownFileType = wrapper; path = OnJeWaUI; sourceTree = "<group>"; };
		65510BFC29F7F3B9002E15CD /* OnJeWaNetwork */ = {isa = PBXFileReference; lastKnownFileType = wrapper; path = OnJeWaNetwork; sourceTree = "<group>"; };
		65510BFD29F7F3E6002E15CD /* OnJeWaCore */ = {isa = PBXFileReference; lastKnownFileType = wrapper; path = OnJeWaCore; sourceTree = "<group>"; };
		655E855C2A037FA400BD992F /* FirstOnboardingView.swift */ = {isa = PBXFileReference; lastKnownFileType = sourcecode.swift; path = FirstOnboardingView.swift; sourceTree = "<group>"; };
		655E855E2A037FAE00BD992F /* SecondOnboardingView.swift */ = {isa = PBXFileReference; lastKnownFileType = sourcecode.swift; path = SecondOnboardingView.swift; sourceTree = "<group>"; };
		655E85602A037FB800BD992F /* ThirdOnboardingView.swift */ = {isa = PBXFileReference; lastKnownFileType = sourcecode.swift; path = ThirdOnboardingView.swift; sourceTree = "<group>"; };
		655E85622A037FE200BD992F /* FourOnboardingView.swift */ = {isa = PBXFileReference; lastKnownFileType = sourcecode.swift; path = FourOnboardingView.swift; sourceTree = "<group>"; };
		656A70BE2A0CD26F00BEDCAE /* MainModel.swift */ = {isa = PBXFileReference; lastKnownFileType = sourcecode.swift; path = MainModel.swift; sourceTree = "<group>"; };
/* End PBXFileReference section */

/* Begin PBXFrameworksBuildPhase section */
		026CF3C92A1029B200A98E54 /* Frameworks */ = {
			isa = PBXFrameworksBuildPhase;
			buildActionMask = 2147483647;
			files = (
				026CF3CE2A1029B200A98E54 /* SwiftUI.framework in Frameworks */,
				026CF3CD2A1029B200A98E54 /* WidgetKit.framework in Frameworks */,
			);
			runOnlyForDeploymentPostprocessing = 0;
		};
		65510BBA29F7D89D002E15CD /* Frameworks */ = {
			isa = PBXFrameworksBuildPhase;
			buildActionMask = 2147483647;
			files = (
				65510BF629F7E3D6002E15CD /* RxSwift in Frameworks */,
				65510BF429F7E3D6002E15CD /* RxRelay in Frameworks */,
				651C76842A0A108000EDC6BC /* Kingfisher in Frameworks */,
				651C76892A0A10AD00EDC6BC /* RealmSwift in Frameworks */,
				65510BF229F7E3D6002E15CD /* RxCocoa in Frameworks */,
				65510C0229F7FABD002E15CD /* OnJeWaNetwork in Frameworks */,
				65510C0429F7FABD002E15CD /* OnJeWaUI in Frameworks */,
				651C76872A0A10AD00EDC6BC /* Realm in Frameworks */,
				65510C0029F7FABD002E15CD /* OnJeWaCore in Frameworks */,
			);
			runOnlyForDeploymentPostprocessing = 0;
		};
		65510BD029F7D89E002E15CD /* Frameworks */ = {
			isa = PBXFrameworksBuildPhase;
			buildActionMask = 2147483647;
			files = (
			);
			runOnlyForDeploymentPostprocessing = 0;
		};
		65510BDA29F7D89E002E15CD /* Frameworks */ = {
			isa = PBXFrameworksBuildPhase;
			buildActionMask = 2147483647;
			files = (
			);
			runOnlyForDeploymentPostprocessing = 0;
		};
/* End PBXFrameworksBuildPhase section */

/* Begin PBXGroup section */
		02236A382A0390C600AEEDCA /* MainScene */ = {
			isa = PBXGroup;
			children = (
				026CF3992A0F6C1000A98E54 /* ViewModel */,
				02236A3B2A0390EA00AEEDCA /* View */,
				02236A392A0390CE00AEEDCA /* ViewController */,
			);
			path = MainScene;
			sourceTree = "<group>";
		};
		02236A392A0390CE00AEEDCA /* ViewController */ = {
			isa = PBXGroup;
			children = (
				02236A3C2A0390FB00AEEDCA /* MainViewController.swift */,
				02E034E12A0A50C800692061 /* TapButtonViewController.swift */,
			);
			path = ViewController;
			sourceTree = "<group>";
		};
		02236A3B2A0390EA00AEEDCA /* View */ = {
			isa = PBXGroup;
			children = (
				02236A402A03953500AEEDCA /* NavigationView.swift */,
				023CB9E92A0BC2DF003405C9 /* CustomPopupViewController.swift */,
				0226A7842A0D0AE300206F99 /* BackgroundView.swift */,
			);
			path = View;
			sourceTree = "<group>";
		};
		026CF3992A0F6C1000A98E54 /* ViewModel */ = {
			isa = PBXGroup;
			children = (
				026CF39A2A0F6C4A00A98E54 /* MainViewModel.swift */,
			);
			path = ViewModel;
			sourceTree = "<group>";
		};
		026CF3CF2A1029B200A98E54 /* OnJeWaWidget */ = {
			isa = PBXGroup;
			children = (
				026CF3DF2A10ABDA00A98E54 /* UserDefaults+Extension.swift */,
				026CF3D02A1029B200A98E54 /* OnJeWaWidgetBundle.swift */,
				026CF3D22A1029B200A98E54 /* OnJeWaWidget.swift */,
				026CF3D42A1029B300A98E54 /* Assets.xcassets */,
				026CF3D62A1029B300A98E54 /* Info.plist */,
			);
			path = OnJeWaWidget;
			sourceTree = "<group>";
		};
		463D69A52A0CFD710005003C /* SettingScene */ = {
			isa = PBXGroup;
			children = (
				463D69B92A0F91E80005003C /* ViewModel */,
				463D69A72A0CFD7B0005003C /* ViewController */,
				463D69A62A0CFD780005003C /* View */,
			);
			path = SettingScene;
			sourceTree = "<group>";
		};
		463D69A62A0CFD780005003C /* View */ = {
			isa = PBXGroup;
			children = (
				463D69B32A0E82010005003C /* SettingViewProfileCell.swift */,
				463D69B52A0E8AEB0005003C /* SettingViewCell.swift */,
				463D69B72A0E95180005003C /* SettingViewGeneralCell.swift */,
			);
			path = View;
			sourceTree = "<group>";
		};
		463D69A72A0CFD7B0005003C /* ViewController */ = {
			isa = PBXGroup;
			children = (
				463D69AB2A0CFDB30005003C /* SettingViewController.swift */,
			);
			path = ViewController;
			sourceTree = "<group>";
		};
		463D69B92A0F91E80005003C /* ViewModel */ = {
			isa = PBXGroup;
			children = (
				463D69BA2A0F92020005003C /* SettingViewModel.swift */,
			);
			path = ViewModel;
			sourceTree = "<group>";
		};
		650631392A448BA000094DBF /* Interface */ = {
			isa = PBXGroup;
			children = (
				6506313C2A448D5700094DBF /* UserRepository.swift */,
				6506313E2A448D5F00094DBF /* PetRepository.swift */,
			);
			path = Interface;
			sourceTree = "<group>";
		};
		6506313A2A448BBF00094DBF /* Repository */ = {
			isa = PBXGroup;
			children = (
				650631442A448D9500094DBF /* DefaultUserRepository.swift */,
				650631462A448D9B00094DBF /* DefaultPetRepository.swift */,
			);
			path = Repository;
			sourceTree = "<group>";
		};
		6506313B2A448BF300094DBF /* UseCase */ = {
			isa = PBXGroup;
			children = (
				650631402A448D6B00094DBF /* DefaultUserUseCase.swift */,
				650631422A448D8B00094DBF /* DefaultPetUseCase.swift */,
			);
			path = UseCase;
			sourceTree = "<group>";
		};
		651C760E2A04A24800EDC6BC /* RegistrationScene */ = {
			isa = PBXGroup;
			children = (
				651C76112A04A27200EDC6BC /* ViewController */,
				651C76102A04A26B00EDC6BC /* ViewModel */,
				651C760F2A04A26700EDC6BC /* View */,
			);
			path = RegistrationScene;
			sourceTree = "<group>";
		};
		651C760F2A04A26700EDC6BC /* View */ = {
			isa = PBXGroup;
			children = (
				651C76162A04A2DF00EDC6BC /* ChoosePetTypeView.swift */,
				651C76182A04A2F600EDC6BC /* SetProfileView.swift */,
				651C76322A08C2CE00EDC6BC /* SetBackgroundView.swift */,
				651C76382A08CF8000EDC6BC /* RegisterAddressView.swift */,
			);
			path = View;
			sourceTree = "<group>";
		};
		651C76102A04A26B00EDC6BC /* ViewModel */ = {
			isa = PBXGroup;
			children = (
				651C76142A04A2A400EDC6BC /* ChoosePetTypeViewModel.swift */,
				651C762C2A062FD900EDC6BC /* SetProfileViewModel.swift */,
				651C76302A08C2C100EDC6BC /* SetBackgroundViewModel.swift */,
				651C76362A08CF7400EDC6BC /* RegisterAddressViewModel.swift */,
			);
			path = ViewModel;
			sourceTree = "<group>";
		};
		651C76112A04A27200EDC6BC /* ViewController */ = {
			isa = PBXGroup;
			children = (
				651C76122A04A29600EDC6BC /* ChoosePetTypeViewController.swift */,
				651C761F2A04F5FA00EDC6BC /* SetProfileViewController.swift */,
				651C762E2A08C2B300EDC6BC /* SetBackgroundViewController.swift */,
				651C76342A08CF6200EDC6BC /* RegisterAddressViewController.swift */,
			);
			path = ViewController;
			sourceTree = "<group>";
		};
		651C761A2A04ED9B00EDC6BC /* Entities */ = {
			isa = PBXGroup;
			children = (
				651C761B2A04EDB300EDC6BC /* PetType.swift */,
				656A70BE2A0CD26F00BEDCAE /* MainModel.swift */,
				4660FCDB2A10AE0000D437E0 /* NotificationModel.swift */,
				6506314B2A4559AC00094DBF /* Menu.swift */,
			);
			path = Entities;
			sourceTree = "<group>";
		};
		651C763C2A092E0100EDC6BC /* Common */ = {
			isa = PBXGroup;
			children = (
				651C763A2A08D5AC00EDC6BC /* KakaoAddressViewController.swift */,
				463D697B2A0B85FB0005003C /* LocalNotificationBuilder.swift */,
			);
			path = Common;
			sourceTree = "<group>";
		};
		651C76A72A0B65BB00EDC6BC /* Storage */ = {
			isa = PBXGroup;
			children = (
				651C76A82A0B65C600EDC6BC /* UserDefaults */,
			);
			path = Storage;
			sourceTree = "<group>";
		};
		651C76A82A0B65C600EDC6BC /* UserDefaults */ = {
			isa = PBXGroup;
			children = (
				651C76A92A0B666200EDC6BC /* UserDefaultsWrapper.swift */,
				651C76AB2A0B667200EDC6BC /* UserDefaultsSetting.swift */,
				026CF3E22A10D14C00A98E54 /* UserDefaults+Extension.swift */,
			);
			path = UserDefaults;
			sourceTree = "<group>";
		};
		6547BF3A29F8EB3600593D17 /* Application */ = {
			isa = PBXGroup;
			children = (
				65510BC029F7D89D002E15CD /* AppDelegate.swift */,
				65510BC229F7D89D002E15CD /* SceneDelegate.swift */,
			);
			path = Application;
			sourceTree = "<group>";
		};
		6547BF3B29F8EB4800593D17 /* Domain */ = {
			isa = PBXGroup;
			children = (
				6506313B2A448BF300094DBF /* UseCase */,
				650631392A448BA000094DBF /* Interface */,
				651C761A2A04ED9B00EDC6BC /* Entities */,
			);
			path = Domain;
			sourceTree = "<group>";
		};
		6547BF3C29F8EB5700593D17 /* Presentation */ = {
			isa = PBXGroup;
			children = (
				463D69A52A0CFD710005003C /* SettingScene */,
				02236A382A0390C600AEEDCA /* MainScene */,
				651C760E2A04A24800EDC6BC /* RegistrationScene */,
				6547BF9A2A037D2000593D17 /* OnboardingScene */,
			);
			path = Presentation;
			sourceTree = "<group>";
		};
		6547BF3D29F8EB6400593D17 /* Data */ = {
			isa = PBXGroup;
			children = (
				6506313A2A448BBF00094DBF /* Repository */,
				651C76A72A0B65BB00EDC6BC /* Storage */,
			);
			path = Data;
			sourceTree = "<group>";
		};
		6547BF3E29F8EB6800593D17 /* Resource */ = {
			isa = PBXGroup;
			children = (
				65510BC929F7D89E002E15CD /* Assets.xcassets */,
				65510BCB29F7D89E002E15CD /* LaunchScreen.storyboard */,
				65510BCE29F7D89E002E15CD /* Info.plist */,
			);
			path = Resource;
			sourceTree = "<group>";
		};
		6547BF9A2A037D2000593D17 /* OnboardingScene */ = {
			isa = PBXGroup;
			children = (
				6547BF9D2A037D5400593D17 /* ViewController */,
				6547BF9C2A037D4C00593D17 /* ViewModel */,
				6547BF9B2A037D4600593D17 /* View */,
			);
			path = OnboardingScene;
			sourceTree = "<group>";
		};
		6547BF9B2A037D4600593D17 /* View */ = {
			isa = PBXGroup;
			children = (
				655E855C2A037FA400BD992F /* FirstOnboardingView.swift */,
				655E855E2A037FAE00BD992F /* SecondOnboardingView.swift */,
				655E85602A037FB800BD992F /* ThirdOnboardingView.swift */,
				655E85622A037FE200BD992F /* FourOnboardingView.swift */,
			);
			path = View;
			sourceTree = "<group>";
		};
		6547BF9C2A037D4C00593D17 /* ViewModel */ = {
			isa = PBXGroup;
			children = (
				651C76802A0A0FC800EDC6BC /* OnboardingViewModel.swift */,
			);
			path = ViewModel;
			sourceTree = "<group>";
		};
		6547BF9D2A037D5400593D17 /* ViewController */ = {
			isa = PBXGroup;
			children = (
				651C767E2A0A0FBE00EDC6BC /* OnboardingViewController.swift */,
			);
			path = ViewController;
			sourceTree = "<group>";
		};
		65510BB429F7D89D002E15CD = {
			isa = PBXGroup;
			children = (
				02030DBB2A02CFC400B3583A /* OnjewaWidgetExtension.entitlements */,
				65510BFD29F7F3E6002E15CD /* OnJeWaCore */,
				65510BFC29F7F3B9002E15CD /* OnJeWaNetwork */,
				65510BFB29F7F399002E15CD /* OnJeWaUI */,
				65510BBF29F7D89D002E15CD /* OnJeWa */,
				65510BD629F7D89E002E15CD /* OnJeWaTests */,
				65510BE029F7D89E002E15CD /* OnJeWaUITests */,
				026CF3CF2A1029B200A98E54 /* OnJeWaWidget */,
				65510BBE29F7D89D002E15CD /* Products */,
				65510BFE29F7FABD002E15CD /* Frameworks */,
			);
			sourceTree = "<group>";
		};
		65510BBE29F7D89D002E15CD /* Products */ = {
			isa = PBXGroup;
			children = (
				65510BBD29F7D89D002E15CD /* OnJeWa.app */,
				65510BD329F7D89E002E15CD /* OnJeWaTests.xctest */,
				65510BDD29F7D89E002E15CD /* OnJeWaUITests.xctest */,
				026CF3CC2A1029B200A98E54 /* OnJeWaWidgetExtension.appex */,
			);
			name = Products;
			sourceTree = "<group>";
		};
		65510BBF29F7D89D002E15CD /* OnJeWa */ = {
			isa = PBXGroup;
			children = (
				02030DBA2A02C24D00B3583A /* OnJeWa.entitlements */,
				651C763C2A092E0100EDC6BC /* Common */,
				6547BF3A29F8EB3600593D17 /* Application */,
				6547BF3B29F8EB4800593D17 /* Domain */,
				6547BF3D29F8EB6400593D17 /* Data */,
				6547BF3C29F8EB5700593D17 /* Presentation */,
				6547BF3E29F8EB6800593D17 /* Resource */,
			);
			path = OnJeWa;
			sourceTree = "<group>";
		};
		65510BD629F7D89E002E15CD /* OnJeWaTests */ = {
			isa = PBXGroup;
			children = (
				65510BD729F7D89E002E15CD /* OnJeWaTests.swift */,
			);
			path = OnJeWaTests;
			sourceTree = "<group>";
		};
		65510BE029F7D89E002E15CD /* OnJeWaUITests */ = {
			isa = PBXGroup;
			children = (
				65510BE129F7D89E002E15CD /* OnJeWaUITests.swift */,
				65510BE329F7D89E002E15CD /* OnJeWaUITestsLaunchTests.swift */,
			);
			path = OnJeWaUITests;
			sourceTree = "<group>";
		};
		65510BFE29F7FABD002E15CD /* Frameworks */ = {
			isa = PBXGroup;
			children = (
				02030DA62A0139F600B3583A /* WidgetKit.framework */,
				02030DA82A0139F600B3583A /* SwiftUI.framework */,
			);
			name = Frameworks;
			sourceTree = "<group>";
		};
/* End PBXGroup section */

/* Begin PBXNativeTarget section */
		026CF3CB2A1029B200A98E54 /* OnJeWaWidgetExtension */ = {
			isa = PBXNativeTarget;
			buildConfigurationList = 026CF3DA2A1029B300A98E54 /* Build configuration list for PBXNativeTarget "OnJeWaWidgetExtension" */;
			buildPhases = (
				026CF3C82A1029B200A98E54 /* Sources */,
				026CF3C92A1029B200A98E54 /* Frameworks */,
				026CF3CA2A1029B200A98E54 /* Resources */,
			);
			buildRules = (
			);
			dependencies = (
			);
			name = OnJeWaWidgetExtension;
			productName = OnJeWaWidgetExtension;
			productReference = 026CF3CC2A1029B200A98E54 /* OnJeWaWidgetExtension.appex */;
			productType = "com.apple.product-type.app-extension";
		};
		65510BBC29F7D89D002E15CD /* OnJeWa */ = {
			isa = PBXNativeTarget;
			buildConfigurationList = 65510BE729F7D89E002E15CD /* Build configuration list for PBXNativeTarget "OnJeWa" */;
			buildPhases = (
				65510BB929F7D89D002E15CD /* Sources */,
				65510BBA29F7D89D002E15CD /* Frameworks */,
				65510BBB29F7D89D002E15CD /* Resources */,
				02030DB52A0139F700B3583A /* Embed Foundation Extensions */,
			);
			buildRules = (
			);
			dependencies = (
				026CF3D82A1029B300A98E54 /* PBXTargetDependency */,
			);
			name = OnJeWa;
			packageProductDependencies = (
				65510BF129F7E3D6002E15CD /* RxCocoa */,
				65510BF329F7E3D6002E15CD /* RxRelay */,
				65510BF529F7E3D6002E15CD /* RxSwift */,
				65510BFF29F7FABD002E15CD /* OnJeWaCore */,
				65510C0129F7FABD002E15CD /* OnJeWaNetwork */,
				65510C0329F7FABD002E15CD /* OnJeWaUI */,
				651C76832A0A108000EDC6BC /* Kingfisher */,
				651C76862A0A10AD00EDC6BC /* Realm */,
				651C76882A0A10AD00EDC6BC /* RealmSwift */,
			);
			productName = OnJeWa;
			productReference = 65510BBD29F7D89D002E15CD /* OnJeWa.app */;
			productType = "com.apple.product-type.application";
		};
		65510BD229F7D89E002E15CD /* OnJeWaTests */ = {
			isa = PBXNativeTarget;
			buildConfigurationList = 65510BEA29F7D89E002E15CD /* Build configuration list for PBXNativeTarget "OnJeWaTests" */;
			buildPhases = (
				65510BCF29F7D89E002E15CD /* Sources */,
				65510BD029F7D89E002E15CD /* Frameworks */,
				65510BD129F7D89E002E15CD /* Resources */,
			);
			buildRules = (
			);
			dependencies = (
				65510BD529F7D89E002E15CD /* PBXTargetDependency */,
			);
			name = OnJeWaTests;
			productName = OnJeWaTests;
			productReference = 65510BD329F7D89E002E15CD /* OnJeWaTests.xctest */;
			productType = "com.apple.product-type.bundle.unit-test";
		};
		65510BDC29F7D89E002E15CD /* OnJeWaUITests */ = {
			isa = PBXNativeTarget;
			buildConfigurationList = 65510BED29F7D89E002E15CD /* Build configuration list for PBXNativeTarget "OnJeWaUITests" */;
			buildPhases = (
				65510BD929F7D89E002E15CD /* Sources */,
				65510BDA29F7D89E002E15CD /* Frameworks */,
				65510BDB29F7D89E002E15CD /* Resources */,
			);
			buildRules = (
			);
			dependencies = (
				65510BDF29F7D89E002E15CD /* PBXTargetDependency */,
			);
			name = OnJeWaUITests;
			productName = OnJeWaUITests;
			productReference = 65510BDD29F7D89E002E15CD /* OnJeWaUITests.xctest */;
			productType = "com.apple.product-type.bundle.ui-testing";
		};
/* End PBXNativeTarget section */

/* Begin PBXProject section */
		65510BB529F7D89D002E15CD /* Project object */ = {
			isa = PBXProject;
			attributes = {
				BuildIndependentTargetsInParallel = 1;
				LastSwiftUpdateCheck = 1430;
				LastUpgradeCheck = 1420;
				TargetAttributes = {
					026CF3CB2A1029B200A98E54 = {
						CreatedOnToolsVersion = 14.3;
					};
					65510BBC29F7D89D002E15CD = {
						CreatedOnToolsVersion = 14.2;
					};
					65510BD229F7D89E002E15CD = {
						CreatedOnToolsVersion = 14.2;
						TestTargetID = 65510BBC29F7D89D002E15CD;
					};
					65510BDC29F7D89E002E15CD = {
						CreatedOnToolsVersion = 14.2;
						TestTargetID = 65510BBC29F7D89D002E15CD;
					};
				};
			};
			buildConfigurationList = 65510BB829F7D89D002E15CD /* Build configuration list for PBXProject "OnJeWa" */;
			compatibilityVersion = "Xcode 14.0";
			developmentRegion = en;
			hasScannedForEncodings = 0;
			knownRegions = (
				en,
				Base,
			);
			mainGroup = 65510BB429F7D89D002E15CD;
			packageReferences = (
				65510BF029F7E3D6002E15CD /* XCRemoteSwiftPackageReference "RxSwift" */,
				651C76822A0A108000EDC6BC /* XCRemoteSwiftPackageReference "Kingfisher" */,
				651C76852A0A10AD00EDC6BC /* XCRemoteSwiftPackageReference "realm-swift" */,
			);
			productRefGroup = 65510BBE29F7D89D002E15CD /* Products */;
			projectDirPath = "";
			projectRoot = "";
			targets = (
				65510BBC29F7D89D002E15CD /* OnJeWa */,
				65510BD229F7D89E002E15CD /* OnJeWaTests */,
				65510BDC29F7D89E002E15CD /* OnJeWaUITests */,
				026CF3CB2A1029B200A98E54 /* OnJeWaWidgetExtension */,
			);
		};
/* End PBXProject section */

/* Begin PBXResourcesBuildPhase section */
		026CF3CA2A1029B200A98E54 /* Resources */ = {
			isa = PBXResourcesBuildPhase;
			buildActionMask = 2147483647;
			files = (
				026CF3D52A1029B300A98E54 /* Assets.xcassets in Resources */,
			);
			runOnlyForDeploymentPostprocessing = 0;
		};
		65510BBB29F7D89D002E15CD /* Resources */ = {
			isa = PBXResourcesBuildPhase;
			buildActionMask = 2147483647;
			files = (
				65510BCD29F7D89E002E15CD /* LaunchScreen.storyboard in Resources */,
				65510BCA29F7D89E002E15CD /* Assets.xcassets in Resources */,
			);
			runOnlyForDeploymentPostprocessing = 0;
		};
		65510BD129F7D89E002E15CD /* Resources */ = {
			isa = PBXResourcesBuildPhase;
			buildActionMask = 2147483647;
			files = (
			);
			runOnlyForDeploymentPostprocessing = 0;
		};
		65510BDB29F7D89E002E15CD /* Resources */ = {
			isa = PBXResourcesBuildPhase;
			buildActionMask = 2147483647;
			files = (
			);
			runOnlyForDeploymentPostprocessing = 0;
		};
/* End PBXResourcesBuildPhase section */

/* Begin PBXSourcesBuildPhase section */
		026CF3C82A1029B200A98E54 /* Sources */ = {
			isa = PBXSourcesBuildPhase;
			buildActionMask = 2147483647;
			files = (
				026CF3D12A1029B200A98E54 /* OnJeWaWidgetBundle.swift in Sources */,
				026CF3E12A10AEDE00A98E54 /* UserDefaults+Extension.swift in Sources */,
				026CF3D32A1029B200A98E54 /* OnJeWaWidget.swift in Sources */,
			);
			runOnlyForDeploymentPostprocessing = 0;
		};
		65510BB929F7D89D002E15CD /* Sources */ = {
			isa = PBXSourcesBuildPhase;
			buildActionMask = 2147483647;
			files = (
				463D69BB2A0F92020005003C /* SettingViewModel.swift in Sources */,
				023CB9EA2A0BC2DF003405C9 /* CustomPopupViewController.swift in Sources */,
				026CF3E32A10D14C00A98E54 /* UserDefaults+Extension.swift in Sources */,
				65510BC129F7D89D002E15CD /* AppDelegate.swift in Sources */,
				463D69AC2A0CFDB30005003C /* SettingViewController.swift in Sources */,
				650631432A448D8B00094DBF /* DefaultPetUseCase.swift in Sources */,
				6506314C2A4559AC00094DBF /* Menu.swift in Sources */,
				6506313F2A448D5F00094DBF /* PetRepository.swift in Sources */,
				65510BC329F7D89D002E15CD /* SceneDelegate.swift in Sources */,
				02236A412A03953500AEEDCA /* NavigationView.swift in Sources */,
				463D69B82A0E95180005003C /* SettingViewGeneralCell.swift in Sources */,
				02E034E22A0A50C800692061 /* TapButtonViewController.swift in Sources */,
				02236A3D2A0390FB00AEEDCA /* MainViewController.swift in Sources */,
				026CF39B2A0F6C4A00A98E54 /* MainViewModel.swift in Sources */,
				650631452A448D9500094DBF /* DefaultUserRepository.swift in Sources */,
				463D69B42A0E82010005003C /* SettingViewProfileCell.swift in Sources */,
				651C76392A08CF8000EDC6BC /* RegisterAddressView.swift in Sources */,
				651C76372A08CF7400EDC6BC /* RegisterAddressViewModel.swift in Sources */,
				463D697C2A0B85FB0005003C /* LocalNotificationBuilder.swift in Sources */,
				651C76352A08CF6200EDC6BC /* RegisterAddressViewController.swift in Sources */,
				651C76152A04A2A400EDC6BC /* ChoosePetTypeViewModel.swift in Sources */,
				651C76AC2A0B667200EDC6BC /* UserDefaultsSetting.swift in Sources */,
				651C76172A04A2DF00EDC6BC /* ChoosePetTypeView.swift in Sources */,
				651C76312A08C2C100EDC6BC /* SetBackgroundViewModel.swift in Sources */,
				651C76202A04F5FA00EDC6BC /* SetProfileViewController.swift in Sources */,
				650631472A448D9B00094DBF /* DefaultPetRepository.swift in Sources */,
				651C76332A08C2CE00EDC6BC /* SetBackgroundView.swift in Sources */,
				65510BC129F7D89D002E15CD /* AppDelegate.swift in Sources */,
				4660FCDC2A10AE0000D437E0 /* NotificationModel.swift in Sources */,
				651C762F2A08C2B300EDC6BC /* SetBackgroundViewController.swift in Sources */,
				651C767F2A0A0FBE00EDC6BC /* OnboardingViewController.swift in Sources */,
				6506313D2A448D5700094DBF /* UserRepository.swift in Sources */,
				0226A7852A0D0AE300206F99 /* BackgroundView.swift in Sources */,
				651C76192A04A2F600EDC6BC /* SetProfileView.swift in Sources */,
				651C763B2A08D5AC00EDC6BC /* KakaoAddressViewController.swift in Sources */,
				651C76132A04A29600EDC6BC /* ChoosePetTypeViewController.swift in Sources */,
				651C762D2A062FD900EDC6BC /* SetProfileViewModel.swift in Sources */,
				651C76AA2A0B666200EDC6BC /* UserDefaultsWrapper.swift in Sources */,
				463D69B62A0E8AEB0005003C /* SettingViewCell.swift in Sources */,
				651C76812A0A0FC800EDC6BC /* OnboardingViewModel.swift in Sources */,
				65510BC329F7D89D002E15CD /* SceneDelegate.swift in Sources */,
				651C761C2A04EDB300EDC6BC /* PetType.swift in Sources */,
				655E855F2A037FAE00BD992F /* SecondOnboardingView.swift in Sources */,
				655E85632A037FE200BD992F /* FourOnboardingView.swift in Sources */,
				6547BFA12A037D7D00593D17 /* (null) in Sources */,
				655E855D2A037FA400BD992F /* FirstOnboardingView.swift in Sources */,
				650631412A448D6B00094DBF /* DefaultUserUseCase.swift in Sources */,
				65510BC129F7D89D002E15CD /* AppDelegate.swift in Sources */,
				656A70BF2A0CD26F00BEDCAE /* MainModel.swift in Sources */,
				655E85612A037FB800BD992F /* ThirdOnboardingView.swift in Sources */,
				65510BC329F7D89D002E15CD /* SceneDelegate.swift in Sources */,
				6547BF9F2A037D6F00593D17 /* (null) in Sources */,
			);
			runOnlyForDeploymentPostprocessing = 0;
		};
		65510BCF29F7D89E002E15CD /* Sources */ = {
			isa = PBXSourcesBuildPhase;
			buildActionMask = 2147483647;
			files = (
				65510BD829F7D89E002E15CD /* OnJeWaTests.swift in Sources */,
			);
			runOnlyForDeploymentPostprocessing = 0;
		};
		65510BD929F7D89E002E15CD /* Sources */ = {
			isa = PBXSourcesBuildPhase;
			buildActionMask = 2147483647;
			files = (
				65510BE429F7D89E002E15CD /* OnJeWaUITestsLaunchTests.swift in Sources */,
				65510BE229F7D89E002E15CD /* OnJeWaUITests.swift in Sources */,
			);
			runOnlyForDeploymentPostprocessing = 0;
		};
/* End PBXSourcesBuildPhase section */

/* Begin PBXTargetDependency section */
		026CF3D82A1029B300A98E54 /* PBXTargetDependency */ = {
			isa = PBXTargetDependency;
			target = 026CF3CB2A1029B200A98E54 /* OnJeWaWidgetExtension */;
			targetProxy = 026CF3D72A1029B300A98E54 /* PBXContainerItemProxy */;
		};
		65510BD529F7D89E002E15CD /* PBXTargetDependency */ = {
			isa = PBXTargetDependency;
			target = 65510BBC29F7D89D002E15CD /* OnJeWa */;
			targetProxy = 65510BD429F7D89E002E15CD /* PBXContainerItemProxy */;
		};
		65510BDF29F7D89E002E15CD /* PBXTargetDependency */ = {
			isa = PBXTargetDependency;
			target = 65510BBC29F7D89D002E15CD /* OnJeWa */;
			targetProxy = 65510BDE29F7D89E002E15CD /* PBXContainerItemProxy */;
		};
/* End PBXTargetDependency section */

/* Begin PBXVariantGroup section */
		65510BCB29F7D89E002E15CD /* LaunchScreen.storyboard */ = {
			isa = PBXVariantGroup;
			children = (
				65510BCC29F7D89E002E15CD /* Base */,
			);
			name = LaunchScreen.storyboard;
			sourceTree = "<group>";
		};
/* End PBXVariantGroup section */

/* Begin XCBuildConfiguration section */
		026CF3DB2A1029B300A98E54 /* Debug */ = {
			isa = XCBuildConfiguration;
			buildSettings = {
				ASSETCATALOG_COMPILER_GLOBAL_ACCENT_COLOR_NAME = AccentColor;
				ASSETCATALOG_COMPILER_WIDGET_BACKGROUND_COLOR_NAME = WidgetBackground;
				CODE_SIGN_ENTITLEMENTS = OnJeWaWidgetExtension.entitlements;
				CODE_SIGN_STYLE = Automatic;
				CURRENT_PROJECT_VERSION = 1;
				DEVELOPMENT_TEAM = F92UQYH2RA;
				GENERATE_INFOPLIST_FILE = YES;
				INFOPLIST_FILE = OnJeWaWidget/Info.plist;
				INFOPLIST_KEY_CFBundleDisplayName = OnJeWaWidget;
				INFOPLIST_KEY_NSHumanReadableCopyright = "";
				IPHONEOS_DEPLOYMENT_TARGET = 15.0;
				LD_RUNPATH_SEARCH_PATHS = (
					"$(inherited)",
					"@executable_path/Frameworks",
					"@executable_path/../../Frameworks",
				);
				MARKETING_VERSION = 1.0;
				PRODUCT_BUNDLE_IDENTIFIER = azhy.ungchun.OnJeWa.OnJeWaWidget;
				PRODUCT_NAME = "$(TARGET_NAME)";
				SKIP_INSTALL = YES;
				SWIFT_EMIT_LOC_STRINGS = YES;
				SWIFT_VERSION = 5.0;
				TARGETED_DEVICE_FAMILY = 1;
			};
			name = Debug;
		};
		026CF3DC2A1029B300A98E54 /* Release */ = {
			isa = XCBuildConfiguration;
			buildSettings = {
				ASSETCATALOG_COMPILER_GLOBAL_ACCENT_COLOR_NAME = AccentColor;
				ASSETCATALOG_COMPILER_WIDGET_BACKGROUND_COLOR_NAME = WidgetBackground;
				CODE_SIGN_ENTITLEMENTS = OnJeWaWidgetExtension.entitlements;
				CODE_SIGN_STYLE = Automatic;
				CURRENT_PROJECT_VERSION = 1;
				DEVELOPMENT_TEAM = F92UQYH2RA;
				GENERATE_INFOPLIST_FILE = YES;
				INFOPLIST_FILE = OnJeWaWidget/Info.plist;
				INFOPLIST_KEY_CFBundleDisplayName = OnJeWaWidget;
				INFOPLIST_KEY_NSHumanReadableCopyright = "";
				IPHONEOS_DEPLOYMENT_TARGET = 15.0;
				LD_RUNPATH_SEARCH_PATHS = (
					"$(inherited)",
					"@executable_path/Frameworks",
					"@executable_path/../../Frameworks",
				);
				MARKETING_VERSION = 1.0;
				PRODUCT_BUNDLE_IDENTIFIER = azhy.ungchun.OnJeWa.OnJeWaWidget;
				PRODUCT_NAME = "$(TARGET_NAME)";
				SKIP_INSTALL = YES;
				SWIFT_EMIT_LOC_STRINGS = YES;
				SWIFT_VERSION = 5.0;
				TARGETED_DEVICE_FAMILY = 1;
			};
			name = Release;
		};
		65510BE529F7D89E002E15CD /* Debug */ = {
			isa = XCBuildConfiguration;
			buildSettings = {
				ALWAYS_SEARCH_USER_PATHS = NO;
				CLANG_ANALYZER_NONNULL = YES;
				CLANG_ANALYZER_NUMBER_OBJECT_CONVERSION = YES_AGGRESSIVE;
				CLANG_CXX_LANGUAGE_STANDARD = "gnu++20";
				CLANG_ENABLE_MODULES = YES;
				CLANG_ENABLE_OBJC_ARC = YES;
				CLANG_ENABLE_OBJC_WEAK = YES;
				CLANG_WARN_BLOCK_CAPTURE_AUTORELEASING = YES;
				CLANG_WARN_BOOL_CONVERSION = YES;
				CLANG_WARN_COMMA = YES;
				CLANG_WARN_CONSTANT_CONVERSION = YES;
				CLANG_WARN_DEPRECATED_OBJC_IMPLEMENTATIONS = YES;
				CLANG_WARN_DIRECT_OBJC_ISA_USAGE = YES_ERROR;
				CLANG_WARN_DOCUMENTATION_COMMENTS = YES;
				CLANG_WARN_EMPTY_BODY = YES;
				CLANG_WARN_ENUM_CONVERSION = YES;
				CLANG_WARN_INFINITE_RECURSION = YES;
				CLANG_WARN_INT_CONVERSION = YES;
				CLANG_WARN_NON_LITERAL_NULL_CONVERSION = YES;
				CLANG_WARN_OBJC_IMPLICIT_RETAIN_SELF = YES;
				CLANG_WARN_OBJC_LITERAL_CONVERSION = YES;
				CLANG_WARN_OBJC_ROOT_CLASS = YES_ERROR;
				CLANG_WARN_QUOTED_INCLUDE_IN_FRAMEWORK_HEADER = YES;
				CLANG_WARN_RANGE_LOOP_ANALYSIS = YES;
				CLANG_WARN_STRICT_PROTOTYPES = YES;
				CLANG_WARN_SUSPICIOUS_MOVE = YES;
				CLANG_WARN_UNGUARDED_AVAILABILITY = YES_AGGRESSIVE;
				CLANG_WARN_UNREACHABLE_CODE = YES;
				CLANG_WARN__DUPLICATE_METHOD_MATCH = YES;
				COPY_PHASE_STRIP = NO;
				DEBUG_INFORMATION_FORMAT = dwarf;
				ENABLE_STRICT_OBJC_MSGSEND = YES;
				ENABLE_TESTABILITY = YES;
				GCC_C_LANGUAGE_STANDARD = gnu11;
				GCC_DYNAMIC_NO_PIC = NO;
				GCC_NO_COMMON_BLOCKS = YES;
				GCC_OPTIMIZATION_LEVEL = 0;
				GCC_PREPROCESSOR_DEFINITIONS = (
					"DEBUG=1",
					"$(inherited)",
				);
				GCC_WARN_64_TO_32_BIT_CONVERSION = YES;
				GCC_WARN_ABOUT_RETURN_TYPE = YES_ERROR;
				GCC_WARN_UNDECLARED_SELECTOR = YES;
				GCC_WARN_UNINITIALIZED_AUTOS = YES_AGGRESSIVE;
				GCC_WARN_UNUSED_FUNCTION = YES;
				GCC_WARN_UNUSED_VARIABLE = YES;
				INFOPLIST_KEY_CFBundleDisplayName = snooze;
				IPHONEOS_DEPLOYMENT_TARGET = 15.0;
				MTL_ENABLE_DEBUG_INFO = INCLUDE_SOURCE;
				MTL_FAST_MATH = YES;
				ONLY_ACTIVE_ARCH = YES;
				SDKROOT = iphoneos;
				SWIFT_ACTIVE_COMPILATION_CONDITIONS = DEBUG;
				SWIFT_OPTIMIZATION_LEVEL = "-Onone";
				SWIFT_VERSION = "";
			};
			name = Debug;
		};
		65510BE629F7D89E002E15CD /* Release */ = {
			isa = XCBuildConfiguration;
			buildSettings = {
				ALWAYS_SEARCH_USER_PATHS = NO;
				CLANG_ANALYZER_NONNULL = YES;
				CLANG_ANALYZER_NUMBER_OBJECT_CONVERSION = YES_AGGRESSIVE;
				CLANG_CXX_LANGUAGE_STANDARD = "gnu++20";
				CLANG_ENABLE_MODULES = YES;
				CLANG_ENABLE_OBJC_ARC = YES;
				CLANG_ENABLE_OBJC_WEAK = YES;
				CLANG_WARN_BLOCK_CAPTURE_AUTORELEASING = YES;
				CLANG_WARN_BOOL_CONVERSION = YES;
				CLANG_WARN_COMMA = YES;
				CLANG_WARN_CONSTANT_CONVERSION = YES;
				CLANG_WARN_DEPRECATED_OBJC_IMPLEMENTATIONS = YES;
				CLANG_WARN_DIRECT_OBJC_ISA_USAGE = YES_ERROR;
				CLANG_WARN_DOCUMENTATION_COMMENTS = YES;
				CLANG_WARN_EMPTY_BODY = YES;
				CLANG_WARN_ENUM_CONVERSION = YES;
				CLANG_WARN_INFINITE_RECURSION = YES;
				CLANG_WARN_INT_CONVERSION = YES;
				CLANG_WARN_NON_LITERAL_NULL_CONVERSION = YES;
				CLANG_WARN_OBJC_IMPLICIT_RETAIN_SELF = YES;
				CLANG_WARN_OBJC_LITERAL_CONVERSION = YES;
				CLANG_WARN_OBJC_ROOT_CLASS = YES_ERROR;
				CLANG_WARN_QUOTED_INCLUDE_IN_FRAMEWORK_HEADER = YES;
				CLANG_WARN_RANGE_LOOP_ANALYSIS = YES;
				CLANG_WARN_STRICT_PROTOTYPES = YES;
				CLANG_WARN_SUSPICIOUS_MOVE = YES;
				CLANG_WARN_UNGUARDED_AVAILABILITY = YES_AGGRESSIVE;
				CLANG_WARN_UNREACHABLE_CODE = YES;
				CLANG_WARN__DUPLICATE_METHOD_MATCH = YES;
				COPY_PHASE_STRIP = NO;
				DEBUG_INFORMATION_FORMAT = "dwarf-with-dsym";
				ENABLE_NS_ASSERTIONS = NO;
				ENABLE_STRICT_OBJC_MSGSEND = YES;
				GCC_C_LANGUAGE_STANDARD = gnu11;
				GCC_NO_COMMON_BLOCKS = YES;
				GCC_WARN_64_TO_32_BIT_CONVERSION = YES;
				GCC_WARN_ABOUT_RETURN_TYPE = YES_ERROR;
				GCC_WARN_UNDECLARED_SELECTOR = YES;
				GCC_WARN_UNINITIALIZED_AUTOS = YES_AGGRESSIVE;
				GCC_WARN_UNUSED_FUNCTION = YES;
				GCC_WARN_UNUSED_VARIABLE = YES;
				INFOPLIST_KEY_CFBundleDisplayName = snooze;
				IPHONEOS_DEPLOYMENT_TARGET = 15.0;
				MTL_ENABLE_DEBUG_INFO = NO;
				MTL_FAST_MATH = YES;
				SDKROOT = iphoneos;
				SWIFT_COMPILATION_MODE = wholemodule;
				SWIFT_OPTIMIZATION_LEVEL = "-O";
				SWIFT_VERSION = "";
				VALIDATE_PRODUCT = YES;
			};
			name = Release;
		};
		65510BE829F7D89E002E15CD /* Debug */ = {
			isa = XCBuildConfiguration;
			buildSettings = {
				ALWAYS_EMBED_SWIFT_STANDARD_LIBRARIES = YES;
				ASSETCATALOG_COMPILER_APPICON_NAME = AppIcon;
				ASSETCATALOG_COMPILER_GLOBAL_ACCENT_COLOR_NAME = AccentColor;
				CODE_SIGN_ENTITLEMENTS = OnJeWa/OnJeWa.entitlements;
				CODE_SIGN_STYLE = Automatic;
				CURRENT_PROJECT_VERSION = 1;
				DEVELOPMENT_TEAM = F92UQYH2RA;
				GENERATE_INFOPLIST_FILE = YES;
				INFOPLIST_FILE = OnJeWa/Resource/Info.plist;
				INFOPLIST_KEY_CFBundleDisplayName = snooze;
				INFOPLIST_KEY_NSCameraUsageDescription = "카메라를 사용하기위해 카메라 권한이 필요합니다.";
				INFOPLIST_KEY_NSLocationAlwaysAndWhenInUseUsageDescription = "항상 or 앱을 사용하는 동안에만 위치정보를 수신합니다.";
				INFOPLIST_KEY_NSLocationAlwaysUsageDescription = "항상 위치정보를 수신합니다.";
				INFOPLIST_KEY_NSLocationWhenInUseUsageDescription = "앱을 사용하는 동안에만 위치정보를 수신합니다.";
				INFOPLIST_KEY_NSPhotoLibraryUsageDescription = "이미지를 불러오기위해 사진 권한이 필요합니다.";
				INFOPLIST_KEY_UIApplicationSupportsIndirectInputEvents = YES;
				INFOPLIST_KEY_UILaunchStoryboardName = LaunchScreen;
				INFOPLIST_KEY_UISupportedInterfaceOrientations_iPad = "UIInterfaceOrientationPortrait UIInterfaceOrientationPortraitUpsideDown UIInterfaceOrientationLandscapeLeft UIInterfaceOrientationLandscapeRight";
				INFOPLIST_KEY_UISupportedInterfaceOrientations_iPhone = "UIInterfaceOrientationPortrait UIInterfaceOrientationLandscapeLeft UIInterfaceOrientationLandscapeRight";
				INFOPLIST_KEY_UIUserInterfaceStyle = Light;
				IPHONEOS_DEPLOYMENT_TARGET = 15.0;
				LD_RUNPATH_SEARCH_PATHS = (
					"$(inherited)",
					"@executable_path/Frameworks",
				);
				MARKETING_VERSION = 1.0;
				PRODUCT_BUNDLE_IDENTIFIER = azhy.ungchun;
				PRODUCT_NAME = "$(TARGET_NAME)";
				SWIFT_EMIT_LOC_STRINGS = YES;
				SWIFT_VERSION = 5.0;
				TARGETED_DEVICE_FAMILY = "1,2";
			};
			name = Debug;
		};
		65510BE929F7D89E002E15CD /* Release */ = {
			isa = XCBuildConfiguration;
			buildSettings = {
				ALWAYS_EMBED_SWIFT_STANDARD_LIBRARIES = YES;
				ASSETCATALOG_COMPILER_APPICON_NAME = AppIcon;
				ASSETCATALOG_COMPILER_GLOBAL_ACCENT_COLOR_NAME = AccentColor;
				CODE_SIGN_ENTITLEMENTS = OnJeWa/OnJeWa.entitlements;
				CODE_SIGN_STYLE = Automatic;
				CURRENT_PROJECT_VERSION = 1;
				DEVELOPMENT_TEAM = F92UQYH2RA;
				GENERATE_INFOPLIST_FILE = YES;
				INFOPLIST_FILE = OnJeWa/Resource/Info.plist;
				INFOPLIST_KEY_CFBundleDisplayName = snooze;
				INFOPLIST_KEY_NSCameraUsageDescription = "카메라를 사용하기위해 카메라 권한이 필요합니다.";
				INFOPLIST_KEY_NSLocationAlwaysAndWhenInUseUsageDescription = "항상 or 앱을 사용하는 동안에만 위치정보를 수신합니다.";
				INFOPLIST_KEY_NSLocationAlwaysUsageDescription = "항상 위치정보를 수신합니다.";
				INFOPLIST_KEY_NSLocationWhenInUseUsageDescription = "앱을 사용하는 동안에만 위치정보를 수신합니다.";
				INFOPLIST_KEY_NSPhotoLibraryUsageDescription = "이미지를 불러오기위해 사진 권한이 필요합니다.";
				INFOPLIST_KEY_UIApplicationSupportsIndirectInputEvents = YES;
				INFOPLIST_KEY_UILaunchStoryboardName = LaunchScreen;
				INFOPLIST_KEY_UISupportedInterfaceOrientations_iPad = "UIInterfaceOrientationPortrait UIInterfaceOrientationPortraitUpsideDown UIInterfaceOrientationLandscapeLeft UIInterfaceOrientationLandscapeRight";
				INFOPLIST_KEY_UISupportedInterfaceOrientations_iPhone = "UIInterfaceOrientationPortrait UIInterfaceOrientationLandscapeLeft UIInterfaceOrientationLandscapeRight";
				INFOPLIST_KEY_UIUserInterfaceStyle = Light;
				IPHONEOS_DEPLOYMENT_TARGET = 15.0;
				LD_RUNPATH_SEARCH_PATHS = (
					"$(inherited)",
					"@executable_path/Frameworks",
				);
				MARKETING_VERSION = 1.0;
				PRODUCT_BUNDLE_IDENTIFIER = azhy.ungchun;
				PRODUCT_NAME = "$(TARGET_NAME)";
				SWIFT_EMIT_LOC_STRINGS = YES;
				SWIFT_VERSION = 5.0;
				TARGETED_DEVICE_FAMILY = "1,2";
			};
			name = Release;
		};
		65510BEB29F7D89E002E15CD /* Debug */ = {
			isa = XCBuildConfiguration;
			buildSettings = {
				ALWAYS_EMBED_SWIFT_STANDARD_LIBRARIES = YES;
				BUNDLE_LOADER = "$(TEST_HOST)";
				CODE_SIGN_STYLE = Automatic;
				CURRENT_PROJECT_VERSION = 1;
				DEVELOPMENT_TEAM = 2QWMDJG53V;
				GENERATE_INFOPLIST_FILE = YES;
				IPHONEOS_DEPLOYMENT_TARGET = 16.2;
				MARKETING_VERSION = 1.0;
				PRODUCT_BUNDLE_IDENTIFIER = wonni.OnJeWaTest;
				PRODUCT_NAME = "$(TARGET_NAME)";
				SWIFT_EMIT_LOC_STRINGS = NO;
				SWIFT_VERSION = 5.0;
				TARGETED_DEVICE_FAMILY = "1,2";
				TEST_HOST = "$(BUILT_PRODUCTS_DIR)/OnJeWa.app/$(BUNDLE_EXECUTABLE_FOLDER_PATH)/OnJeWa";
			};
			name = Debug;
		};
		65510BEC29F7D89E002E15CD /* Release */ = {
			isa = XCBuildConfiguration;
			buildSettings = {
				ALWAYS_EMBED_SWIFT_STANDARD_LIBRARIES = YES;
				BUNDLE_LOADER = "$(TEST_HOST)";
				CODE_SIGN_STYLE = Automatic;
				CURRENT_PROJECT_VERSION = 1;
				DEVELOPMENT_TEAM = 2QWMDJG53V;
				GENERATE_INFOPLIST_FILE = YES;
				IPHONEOS_DEPLOYMENT_TARGET = 16.2;
				MARKETING_VERSION = 1.0;
				PRODUCT_BUNDLE_IDENTIFIER = wonni.OnJeWaTest;
				PRODUCT_NAME = "$(TARGET_NAME)";
				SWIFT_EMIT_LOC_STRINGS = NO;
				SWIFT_VERSION = 5.0;
				TARGETED_DEVICE_FAMILY = "1,2";
				TEST_HOST = "$(BUILT_PRODUCTS_DIR)/OnJeWa.app/$(BUNDLE_EXECUTABLE_FOLDER_PATH)/OnJeWa";
			};
			name = Release;
		};
		65510BEE29F7D89E002E15CD /* Debug */ = {
			isa = XCBuildConfiguration;
			buildSettings = {
				ALWAYS_EMBED_SWIFT_STANDARD_LIBRARIES = YES;
				CODE_SIGN_STYLE = Automatic;
				CURRENT_PROJECT_VERSION = 1;
				DEVELOPMENT_TEAM = 2QWMDJG53V;
				GENERATE_INFOPLIST_FILE = YES;
				MARKETING_VERSION = 1.0;
				PRODUCT_BUNDLE_IDENTIFIER = ungchun.OnJeWaUITests;
				PRODUCT_NAME = "$(TARGET_NAME)";
				SWIFT_EMIT_LOC_STRINGS = NO;
				SWIFT_VERSION = 5.0;
				TARGETED_DEVICE_FAMILY = "1,2";
				TEST_TARGET_NAME = OnJeWa;
			};
			name = Debug;
		};
		65510BEF29F7D89E002E15CD /* Release */ = {
			isa = XCBuildConfiguration;
			buildSettings = {
				ALWAYS_EMBED_SWIFT_STANDARD_LIBRARIES = YES;
				CODE_SIGN_STYLE = Automatic;
				CURRENT_PROJECT_VERSION = 1;
				DEVELOPMENT_TEAM = F92UQYH2RA;
				GENERATE_INFOPLIST_FILE = YES;
				MARKETING_VERSION = 1.0;
				PRODUCT_BUNDLE_IDENTIFIER = ungchun.OnJeWaUITests;
				PRODUCT_NAME = "$(TARGET_NAME)";
				SWIFT_EMIT_LOC_STRINGS = NO;
				SWIFT_VERSION = 5.0;
				TARGETED_DEVICE_FAMILY = "1,2";
				TEST_TARGET_NAME = OnJeWa;
			};
			name = Release;
		};
/* End XCBuildConfiguration section */

/* Begin XCConfigurationList section */
		026CF3DA2A1029B300A98E54 /* Build configuration list for PBXNativeTarget "OnJeWaWidgetExtension" */ = {
			isa = XCConfigurationList;
			buildConfigurations = (
				026CF3DB2A1029B300A98E54 /* Debug */,
				026CF3DC2A1029B300A98E54 /* Release */,
			);
			defaultConfigurationIsVisible = 0;
			defaultConfigurationName = Release;
		};
		65510BB829F7D89D002E15CD /* Build configuration list for PBXProject "OnJeWa" */ = {
			isa = XCConfigurationList;
			buildConfigurations = (
				65510BE529F7D89E002E15CD /* Debug */,
				65510BE629F7D89E002E15CD /* Release */,
			);
			defaultConfigurationIsVisible = 0;
			defaultConfigurationName = Release;
		};
		65510BE729F7D89E002E15CD /* Build configuration list for PBXNativeTarget "OnJeWa" */ = {
			isa = XCConfigurationList;
			buildConfigurations = (
				65510BE829F7D89E002E15CD /* Debug */,
				65510BE929F7D89E002E15CD /* Release */,
			);
			defaultConfigurationIsVisible = 0;
			defaultConfigurationName = Release;
		};
		65510BEA29F7D89E002E15CD /* Build configuration list for PBXNativeTarget "OnJeWaTests" */ = {
			isa = XCConfigurationList;
			buildConfigurations = (
				65510BEB29F7D89E002E15CD /* Debug */,
				65510BEC29F7D89E002E15CD /* Release */,
			);
			defaultConfigurationIsVisible = 0;
			defaultConfigurationName = Release;
		};
		65510BED29F7D89E002E15CD /* Build configuration list for PBXNativeTarget "OnJeWaUITests" */ = {
			isa = XCConfigurationList;
			buildConfigurations = (
				65510BEE29F7D89E002E15CD /* Debug */,
				65510BEF29F7D89E002E15CD /* Release */,
			);
			defaultConfigurationIsVisible = 0;
			defaultConfigurationName = Release;
		};
/* End XCConfigurationList section */

/* Begin XCRemoteSwiftPackageReference section */
		651C76822A0A108000EDC6BC /* XCRemoteSwiftPackageReference "Kingfisher" */ = {
			isa = XCRemoteSwiftPackageReference;
			repositoryURL = "https://github.com/onevcat/Kingfisher";
			requirement = {
				kind = upToNextMajorVersion;
				minimumVersion = 7.0.0;
			};
		};
		651C76852A0A10AD00EDC6BC /* XCRemoteSwiftPackageReference "realm-swift" */ = {
			isa = XCRemoteSwiftPackageReference;
			repositoryURL = "https://github.com/realm/realm-swift";
			requirement = {
				branch = master;
				kind = branch;
			};
		};
		65510BF029F7E3D6002E15CD /* XCRemoteSwiftPackageReference "RxSwift" */ = {
			isa = XCRemoteSwiftPackageReference;
			repositoryURL = "https://github.com/ReactiveX/RxSwift.git";
			requirement = {
				kind = upToNextMajorVersion;
				minimumVersion = 6.0.0;
			};
		};
/* End XCRemoteSwiftPackageReference section */

/* Begin XCSwiftPackageProductDependency section */
		651C76832A0A108000EDC6BC /* Kingfisher */ = {
			isa = XCSwiftPackageProductDependency;
			package = 651C76822A0A108000EDC6BC /* XCRemoteSwiftPackageReference "Kingfisher" */;
			productName = Kingfisher;
		};
		651C76862A0A10AD00EDC6BC /* Realm */ = {
			isa = XCSwiftPackageProductDependency;
			package = 651C76852A0A10AD00EDC6BC /* XCRemoteSwiftPackageReference "realm-swift" */;
			productName = Realm;
		};
		651C76882A0A10AD00EDC6BC /* RealmSwift */ = {
			isa = XCSwiftPackageProductDependency;
			package = 651C76852A0A10AD00EDC6BC /* XCRemoteSwiftPackageReference "realm-swift" */;
			productName = RealmSwift;
		};
		65510BF129F7E3D6002E15CD /* RxCocoa */ = {
			isa = XCSwiftPackageProductDependency;
			package = 65510BF029F7E3D6002E15CD /* XCRemoteSwiftPackageReference "RxSwift" */;
			productName = RxCocoa;
		};
		65510BF329F7E3D6002E15CD /* RxRelay */ = {
			isa = XCSwiftPackageProductDependency;
			package = 65510BF029F7E3D6002E15CD /* XCRemoteSwiftPackageReference "RxSwift" */;
			productName = RxRelay;
		};
		65510BF529F7E3D6002E15CD /* RxSwift */ = {
			isa = XCSwiftPackageProductDependency;
			package = 65510BF029F7E3D6002E15CD /* XCRemoteSwiftPackageReference "RxSwift" */;
			productName = RxSwift;
		};
		65510BFF29F7FABD002E15CD /* OnJeWaCore */ = {
			isa = XCSwiftPackageProductDependency;
			productName = OnJeWaCore;
		};
		65510C0129F7FABD002E15CD /* OnJeWaNetwork */ = {
			isa = XCSwiftPackageProductDependency;
			productName = OnJeWaNetwork;
		};
		65510C0329F7FABD002E15CD /* OnJeWaUI */ = {
			isa = XCSwiftPackageProductDependency;
			productName = OnJeWaUI;
		};
/* End XCSwiftPackageProductDependency section */
	};
	rootObject = 65510BB529F7D89D002E15CD /* Project object */;
}
